lockfileVersion: 5.4

specifiers:
  '@types/classnames': ^2.3.1
  '@types/react': ^18.0.27
  '@types/react-dom': ^18.0.10
  '@vitejs/plugin-react': ^3.1.0
  classnames: ^2.3.2
  react: ^18.2.0
  react-dom: ^18.2.0
  typescript: ^4.9.3
  vite: ^4.1.0
  vitest: ^0.28.4

dependencies:
  classnames: 2.3.2
  react: 18.2.0
  react-dom: 18.2.0_react@18.2.0

devDependencies:
  '@types/classnames': 2.3.1
  '@types/react': 18.0.27
  '@types/react-dom': 18.0.10
  '@vitejs/plugin-react': 3.1.0_vite@4.1.1
  typescript: 4.9.5
  vite: 4.1.1
  vitest: 0.28.4

packages:

  /@ampproject/remapping/2.2.0:
    resolution: {integrity: sha1-VsEzgkeA3jF0rtWraDTzAmeQFU0=}
    engines: {node: '>=6.0.0'}
    dependencies:
      '@jridgewell/gen-mapping': 0.1.1
      '@jridgewell/trace-mapping': 0.3.17
    dev: true

  /@babel/code-frame/7.18.6:
    resolution: {integrity: sha1-OyXTjIlgC6otzCGe36iKdOssQno=}
    engines: {node: '>=6.9.0'}
    dependencies:
      '@babel/highlight': 7.18.6
    dev: true

  /@babel/compat-data/7.20.14:
    resolution: {integrity: sha1-QQb8i3VfPj7goKfCfd5d4dKyuvg=}
    engines: {node: '>=6.9.0'}
    dev: true

  /@babel/core/7.20.12:
    resolution: {integrity: sha1-eTDbV0Q8ZxStIWlT0TVtrA64SW0=}
    engines: {node: '>=6.9.0'}
    dependencies:
      '@ampproject/remapping': 2.2.0
      '@babel/code-frame': 7.18.6
      '@babel/generator': 7.20.14
      '@babel/helper-compilation-targets': 7.20.7_@babel+core@7.20.12
      '@babel/helper-module-transforms': 7.20.11
      '@babel/helpers': 7.20.13
      '@babel/parser': 7.20.15
      '@babel/template': 7.20.7
      '@babel/traverse': 7.20.13
      '@babel/types': 7.20.7
      convert-source-map: 1.9.0
      debug: 4.3.4
      gensync: 1.0.0-beta.2
      json5: 2.2.3
      semver: 6.3.0
    transitivePeerDependencies:
      - supports-color
    dev: true

  /@babel/generator/7.20.14:
    resolution: {integrity: sha1-n6dyyfhqRsasmzIQOUAHErlvZM4=}
    engines: {node: '>=6.9.0'}
    dependencies:
      '@babel/types': 7.20.7
      '@jridgewell/gen-mapping': 0.3.2
      jsesc: 2.5.2
    dev: true

  /@babel/helper-compilation-targets/7.20.7_@babel+core@7.20.12:
    resolution: {integrity: sha1-ps0z6TYp9etHOwIarAXfYsTNCbs=}
    engines: {node: '>=6.9.0'}
    peerDependencies:
      '@babel/core': ^7.0.0
    dependencies:
      '@babel/compat-data': 7.20.14
      '@babel/core': 7.20.12
      '@babel/helper-validator-option': 7.18.6
      browserslist: 4.21.5
      lru-cache: 5.1.1
      semver: 6.3.0
    dev: true

  /@babel/helper-environment-visitor/7.18.9:
    resolution: {integrity: sha1-DAzumzXSyhkEeHVoZbs1KEIvUb4=}
    engines: {node: '>=6.9.0'}
    dev: true

  /@babel/helper-function-name/7.19.0:
    resolution: {integrity: sha1-lBV07VOQaC6HLlLT84zp0b70ZIw=}
    engines: {node: '>=6.9.0'}
    dependencies:
      '@babel/template': 7.20.7
      '@babel/types': 7.20.7
    dev: true

  /@babel/helper-hoist-variables/7.18.6:
    resolution: {integrity: sha1-1NLI+0uuqlxouZzIJFxWVU+SZng=}
    engines: {node: '>=6.9.0'}
    dependencies:
      '@babel/types': 7.20.7
    dev: true

  /@babel/helper-module-imports/7.18.6:
    resolution: {integrity: sha1-Hj69u9CKrRQ3tCjFAgTbE8Wjym4=}
    engines: {node: '>=6.9.0'}
    dependencies:
      '@babel/types': 7.20.7
    dev: true

  /@babel/helper-module-transforms/7.20.11:
    resolution: {integrity: sha1-30x69xPFV5OMUOo60BF6eUSy8bA=}
    engines: {node: '>=6.9.0'}
    dependencies:
      '@babel/helper-environment-visitor': 7.18.9
      '@babel/helper-module-imports': 7.18.6
      '@babel/helper-simple-access': 7.20.2
      '@babel/helper-split-export-declaration': 7.18.6
      '@babel/helper-validator-identifier': 7.19.1
      '@babel/template': 7.20.7
      '@babel/traverse': 7.20.13
      '@babel/types': 7.20.7
    transitivePeerDependencies:
      - supports-color
    dev: true

  /@babel/helper-plugin-utils/7.20.2:
    resolution: {integrity: sha1-0bkAB1KxjQh3z/haXDds5cMSFik=}
    engines: {node: '>=6.9.0'}
    dev: true

  /@babel/helper-simple-access/7.20.2:
    resolution: {integrity: sha1-CrRSaH/gws+x4rngAV3gf8LWLdk=}
    engines: {node: '>=6.9.0'}
    dependencies:
      '@babel/types': 7.20.7
    dev: true

  /@babel/helper-split-export-declaration/7.18.6:
    resolution: {integrity: sha1-c2eUm8dbIMbVpdSpe7ooJK6O8HU=}
    engines: {node: '>=6.9.0'}
    dependencies:
      '@babel/types': 7.20.7
    dev: true

  /@babel/helper-string-parser/7.19.4:
    resolution: {integrity: sha1-ONOstlS0cBqbd/sGFalvd1w6nmM=}
    engines: {node: '>=6.9.0'}
    dev: true

  /@babel/helper-validator-identifier/7.19.1:
    resolution: {integrity: sha1-fuqDTPMpAf/cGn7lVeL5wn4knKI=}
    engines: {node: '>=6.9.0'}
    dev: true

  /@babel/helper-validator-option/7.18.6:
    resolution: {integrity: sha1-vw0rWlCbHzNgmeT/NuGmOqXbTbg=}
    engines: {node: '>=6.9.0'}
    dev: true

  /@babel/helpers/7.20.13:
    resolution: {integrity: sha1-48tzH7cNxTNxNMrcJMu60xzIetI=}
    engines: {node: '>=6.9.0'}
    dependencies:
      '@babel/template': 7.20.7
      '@babel/traverse': 7.20.13
      '@babel/types': 7.20.7
    transitivePeerDependencies:
      - supports-color
    dev: true

  /@babel/highlight/7.18.6:
    resolution: {integrity: sha1-gRWGAek+JWN5Wty/vfXWS+Py7N8=}
    engines: {node: '>=6.9.0'}
    dependencies:
      '@babel/helper-validator-identifier': 7.19.1
      chalk: 2.4.2
      js-tokens: 4.0.0
    dev: true

  /@babel/parser/7.20.15:
    resolution: {integrity: sha1-7snzbY6vCUi7iMh6RnhLXun9DIk=}
    engines: {node: '>=6.0.0'}
    hasBin: true
    dependencies:
      '@babel/types': 7.20.7
    dev: true

  /@babel/plugin-transform-react-jsx-self/7.18.6_@babel+core@7.20.12:
    resolution: {integrity: sha1-OElAG6t66P+h4+VofJSnU/x1vac=}
    engines: {node: '>=6.9.0'}
    peerDependencies:
      '@babel/core': ^7.0.0-0
    dependencies:
      '@babel/core': 7.20.12
      '@babel/helper-plugin-utils': 7.20.2
    dev: true

  /@babel/plugin-transform-react-jsx-source/7.19.6_@babel+core@7.20.12:
    resolution: {integrity: sha1-iFeK6DMeWIfozijkydyD+ynaC4Y=}
    engines: {node: '>=6.9.0'}
    peerDependencies:
      '@babel/core': ^7.0.0-0
    dependencies:
      '@babel/core': 7.20.12
      '@babel/helper-plugin-utils': 7.20.2
    dev: true

  /@babel/template/7.20.7:
    resolution: {integrity: sha1-oVCQwoOag7AqqZbAtJlABYQf1ag=}
    engines: {node: '>=6.9.0'}
    dependencies:
      '@babel/code-frame': 7.18.6
      '@babel/parser': 7.20.15
      '@babel/types': 7.20.7
    dev: true

  /@babel/traverse/7.20.13:
    resolution: {integrity: sha1-gXwboT0RrMyolHi9VIGy0WjQdHM=}
    engines: {node: '>=6.9.0'}
    dependencies:
      '@babel/code-frame': 7.18.6
      '@babel/generator': 7.20.14
      '@babel/helper-environment-visitor': 7.18.9
      '@babel/helper-function-name': 7.19.0
      '@babel/helper-hoist-variables': 7.18.6
      '@babel/helper-split-export-declaration': 7.18.6
      '@babel/parser': 7.20.15
      '@babel/types': 7.20.7
      debug: 4.3.4
      globals: 11.12.0
    transitivePeerDependencies:
      - supports-color
    dev: true

  /@babel/types/7.20.7:
    resolution: {integrity: sha1-VOx14lIxhCP8B/tkTcalimTAm38=}
    engines: {node: '>=6.9.0'}
    dependencies:
      '@babel/helper-string-parser': 7.19.4
      '@babel/helper-validator-identifier': 7.19.1
      to-fast-properties: 2.0.0
    dev: true

  /@esbuild/android-arm/0.16.17:
    resolution: {integrity: sha1-AltiRtP2i3u6qXBpFE+1+3Dy//I=}
    engines: {node: '>=12'}
    cpu: [arm]
    os: [android]
    requiresBuild: true
    dev: true
    optional: true

  /@esbuild/android-arm64/0.16.17:
    resolution: {integrity: sha1-z5HobfEnqj0UF0Ttr8ugq9xXfSM=}
    engines: {node: '>=12'}
    cpu: [arm64]
    os: [android]
    requiresBuild: true
    dev: true
    optional: true

  /@esbuild/android-x64/0.16.17:
    resolution: {integrity: sha1-yCDg/vmC+ZqFxLi/3VgoNfBM2W4=}
    engines: {node: '>=12'}
    cpu: [x64]
    os: [android]
    requiresBuild: true
    dev: true
    optional: true

  /@esbuild/darwin-arm64/0.16.17:
    resolution: {integrity: sha1-7e9Eh69rIa+runvlEywm0iN5siA=}
    engines: {node: '>=12'}
    cpu: [arm64]
    os: [darwin]
    requiresBuild: true
    dev: true
    optional: true

  /@esbuild/darwin-x64/0.16.17:
    resolution: {integrity: sha1-QoKRaHMAccQe8NAo2DGe6g4pBLQ=}
    engines: {node: '>=12'}
    cpu: [x64]
    os: [darwin]
    requiresBuild: true
    dev: true
    optional: true

  /@esbuild/freebsd-arm64/0.16.17:
    resolution: {integrity: sha1-H0r0iL/H6c7QQgcDTTmOeTtXCic=}
    engines: {node: '>=12'}
    cpu: [arm64]
    os: [freebsd]
    requiresBuild: true
    dev: true
    optional: true

  /@esbuild/freebsd-x64/0.16.17:
    resolution: {integrity: sha1-Y2MG8Z6byYHgaqHXdzAtrY/dr3I=}
    engines: {node: '>=12'}
    cpu: [x64]
    os: [freebsd]
    requiresBuild: true
    dev: true
    optional: true

  /@esbuild/linux-arm/0.16.17:
    resolution: {integrity: sha1-tZHmpZ2cT+DurdSHSxV6t4z18ZY=}
    engines: {node: '>=12'}
    cpu: [arm]
    os: [linux]
    requiresBuild: true
    dev: true
    optional: true

  /@esbuild/linux-arm64/0.16.17:
    resolution: {integrity: sha1-oAP3/yN8UB4JXU86CeWPx7JaSso=}
    engines: {node: '>=12'}
    cpu: [arm64]
    os: [linux]
    requiresBuild: true
    dev: true
    optional: true

  /@esbuild/linux-ia32/0.16.17:
    resolution: {integrity: sha1-JDM6EQJ+9GoY9XAZRQpRiJGOKlQ=}
    engines: {node: '>=12'}
    cpu: [ia32]
    os: [linux]
    requiresBuild: true
    dev: true
    optional: true

  /@esbuild/linux-loong64/0.16.17:
    resolution: {integrity: sha1-1a1FnUHtQrvU0AUlazGILsUiJ9g=}
    engines: {node: '>=12'}
    cpu: [loong64]
    os: [linux]
    requiresBuild: true
    dev: true
    optional: true

  /@esbuild/linux-mips64el/0.16.17:
    resolution: {integrity: sha1-TllnpmXDg2CwqCBVlDd9Tc+cNyY=}
    engines: {node: '>=12'}
    cpu: [mips64el]
    os: [linux]
    requiresBuild: true
    dev: true
    optional: true

  /@esbuild/linux-ppc64/0.16.17:
    resolution: {integrity: sha1-IGRDoC61aPn98LQ4+9R9Juc1r8g=}
    engines: {node: '>=12'}
    cpu: [ppc64]
    os: [linux]
    requiresBuild: true
    dev: true
    optional: true

  /@esbuild/linux-riscv64/0.16.17:
    resolution: {integrity: sha1-w1HkM9AJvyVueYrQSBUsjXbaL8k=}
    engines: {node: '>=12'}
    cpu: [riscv64]
    os: [linux]
    requiresBuild: true
    dev: true
    optional: true

  /@esbuild/linux-s390x/0.16.17:
    resolution: {integrity: sha1-Zh8nHl1ZYVuEtoAdHCEjrRPZvYc=}
    engines: {node: '>=12'}
    cpu: [s390x]
    os: [linux]
    requiresBuild: true
    dev: true
    optional: true

  /@esbuild/linux-x64/0.16.17:
    resolution: {integrity: sha1-5LoY6LFJqJyYI1FEOjd8cjdiuF8=}
    engines: {node: '>=12'}
    cpu: [x64]
    os: [linux]
    requiresBuild: true
    dev: true
    optional: true

  /@esbuild/netbsd-x64/0.16.17:
    resolution: {integrity: sha1-fU9AQeMMXAfdJP+ilcc/BgOOx3U=}
    engines: {node: '>=12'}
    cpu: [x64]
    os: [netbsd]
    requiresBuild: true
    dev: true
    optional: true

  /@esbuild/openbsd-x64/0.16.17:
    resolution: {integrity: sha1-lw+n+EcGgfPmsdsMxCGkr4Bg7DU=}
    engines: {node: '>=12'}
    cpu: [x64]
    os: [openbsd]
    requiresBuild: true
    dev: true
    optional: true

  /@esbuild/sunos-x64/0.16.17:
    resolution: {integrity: sha1-q8YOfEq/i4n7ek/mmhSEEyI4Aiw=}
    engines: {node: '>=12'}
    cpu: [x64]
    os: [sunos]
    requiresBuild: true
    dev: true
    optional: true

  /@esbuild/win32-arm64/0.16.17:
    resolution: {integrity: sha1-ew/56MMmVTenp7H9miTnvTn82Ho=}
    engines: {node: '>=12'}
    cpu: [arm64]
    os: [win32]
    requiresBuild: true
    dev: true
    optional: true

  /@esbuild/win32-ia32/0.16.17:
    resolution: {integrity: sha1-6Q/lJn1xp7dWev3EA9/RmMKS6wk=}
    engines: {node: '>=12'}
    cpu: [ia32]
    os: [win32]
    requiresBuild: true
    dev: true
    optional: true

  /@esbuild/win32-x64/0.16.17:
    resolution: {integrity: sha1-xaGkv+G1fww+YbKYg1JcbaPlwJE=}
    engines: {node: '>=12'}
    cpu: [x64]
    os: [win32]
    requiresBuild: true
    dev: true
    optional: true

  /@jridgewell/gen-mapping/0.1.1:
    resolution: {integrity: sha1-5dLkUDBqlJHjvXfjI+ONev8xWZY=}
    engines: {node: '>=6.0.0'}
    dependencies:
      '@jridgewell/set-array': 1.1.2
      '@jridgewell/sourcemap-codec': 1.4.14
    dev: true

  /@jridgewell/gen-mapping/0.3.2:
    resolution: {integrity: sha1-wa7cYehT8rufXf5tRELTtWWyU7k=}
    engines: {node: '>=6.0.0'}
    dependencies:
      '@jridgewell/set-array': 1.1.2
      '@jridgewell/sourcemap-codec': 1.4.14
      '@jridgewell/trace-mapping': 0.3.17
    dev: true

  /@jridgewell/resolve-uri/3.1.0:
    resolution: {integrity: sha1-IgOxGMFXchrd/mnUe3BGVGMGbXg=}
    engines: {node: '>=6.0.0'}
    dev: true

  /@jridgewell/set-array/1.1.2:
    resolution: {integrity: sha1-fGz5mNbSC5FMClWpGuko/yWWXnI=}
    engines: {node: '>=6.0.0'}
    dev: true

  /@jridgewell/sourcemap-codec/1.4.14:
    resolution: {integrity: sha1-rdTJjTQUcqKJGQtCTvvbCWmRuyQ=}
    dev: true

  /@jridgewell/trace-mapping/0.3.17:
    resolution: {integrity: sha1-eTBBJ3r5BzsJUaf+Dw2MTJjDaYU=}
    dependencies:
      '@jridgewell/resolve-uri': 3.1.0
      '@jridgewell/sourcemap-codec': 1.4.14
    dev: true

  /@types/chai-subset/1.3.3:
    resolution: {integrity: sha1-l4k4FOkqvSxTTeQiyzd+DgvarJQ=}
    dependencies:
      '@types/chai': 4.3.4
    dev: true

  /@types/chai/4.3.4:
    resolution: {integrity: sha1-6RPoF124MH14tOj6aQQIumtl3uQ=}
    dev: true

  /@types/classnames/2.3.1:
    resolution: {integrity: sha1-PCRnqg8ak/HwIeO5vPk4vV39wN0=}
    dependencies:
      classnames: 2.3.2
    dev: true

  /@types/node/18.13.0:
    resolution: {integrity: sha1-BADR5s6H6dMDLBnrbFggWw0/eFA=}
    dev: true

  /@types/prop-types/15.7.5:
    resolution: {integrity: sha1-XxnSuFqY6VWANvajysyIGUIPBc8=}
    dev: true

  /@types/react-dom/18.0.10:
    resolution: {integrity: sha1-O2bexWqg8Wpswm2p6cqWw1wLQ1I=}
    dependencies:
      '@types/react': 18.0.27
    dev: true

  /@types/react/18.0.27:
    resolution: {integrity: sha1-2UJavhh6APil7BgrAQ1P2dpwO3E=}
    dependencies:
      '@types/prop-types': 15.7.5
      '@types/scheduler': 0.16.2
      csstype: 3.1.1
    dev: true

  /@types/scheduler/0.16.2:
    resolution: {integrity: sha1-GmL4lSVyPd4kuhsBsJK/XfitTTk=}
    dev: true

  /@vitejs/plugin-react/3.1.0_vite@4.1.1:
    resolution: {integrity: sha1-0QkfU16ri4PW50A00B4n1zx3MkA=}
    engines: {node: ^14.18.0 || >=16.0.0}
    peerDependencies:
      vite: ^4.1.0-beta.0
    dependencies:
      '@babel/core': 7.20.12
      '@babel/plugin-transform-react-jsx-self': 7.18.6_@babel+core@7.20.12
      '@babel/plugin-transform-react-jsx-source': 7.19.6_@babel+core@7.20.12
      magic-string: 0.27.0
      react-refresh: 0.14.0
      vite: 4.1.1
    transitivePeerDependencies:
      - supports-color
    dev: true

  /@vitest/expect/0.28.4:
    resolution: {integrity: sha1-CfJRPS6pUQV2YFQK4jVgmg1jePk=}
    dependencies:
      '@vitest/spy': 0.28.4
      '@vitest/utils': 0.28.4
      chai: 4.3.7
    dev: true

  /@vitest/runner/0.28.4:
    resolution: {integrity: sha1-TE5a7ZHUsZowceYBx1dF1nKGg4g=}
    dependencies:
      '@vitest/utils': 0.28.4
      p-limit: 4.0.0
      pathe: 1.1.0
    dev: true

  /@vitest/spy/0.28.4:
    resolution: {integrity: sha1-vrmUt9Ru3uSWYWDrE2PgST+dnvE=}
    dependencies:
      tinyspy: 1.1.1
    dev: true

  /@vitest/utils/0.28.4:
    resolution: {integrity: sha1-voN4+GD0DC1Ipi9GyAjPmLlzYQA=}
    dependencies:
      cli-truncate: 3.1.0
      diff: 5.1.0
      loupe: 2.3.6
      picocolors: 1.0.0
      pretty-format: 27.5.1
    dev: true

  /acorn-walk/8.2.0:
    resolution: {integrity: sha1-dBIQ8uJCZFRQiFOi9E0KuDt/acE=}
    engines: {node: '>=0.4.0'}
    dev: true

  /acorn/8.8.2:
    resolution: {integrity: sha1-Gy8l2wKvllOZuXdrDCw5EnbTfEo=}
    engines: {node: '>=0.4.0'}
    hasBin: true
    dev: true

  /ansi-regex/5.0.1:
    resolution: {integrity: sha1-CCyyyJyf6GWaMRpTvWpNxTAdswQ=}
    engines: {node: '>=8'}
    dev: true

  /ansi-regex/6.0.1:
    resolution: {integrity: sha1-MYPjj66aZdfLXlOUXNWJfQJgoGo=}
    engines: {node: '>=12'}
    dev: true

  /ansi-styles/3.2.1:
    resolution: {integrity: sha1-QfuyAkPlCxK+DwS43tvwdSDOhB0=}
    engines: {node: '>=4'}
    dependencies:
      color-convert: 1.9.3
    dev: true

  /ansi-styles/5.2.0:
    resolution: {integrity: sha1-B0SWkK1Fd30ZJKwquy/IiV26g2s=}
    engines: {node: '>=10'}
    dev: true

  /ansi-styles/6.2.1:
    resolution: {integrity: sha1-DmIyDPmcIa//OzASGSVGqsv7BcU=}
    engines: {node: '>=12'}
    dev: true

  /assertion-error/1.1.0:
    resolution: {integrity: sha1-5gtrDo8wG9l+U3UhW9pAbIURjAs=}
    dev: true

  /browserslist/4.21.5:
    resolution: {integrity: sha1-dcXa5gBj7mQfl34A7dPPsvt69qc=}
    engines: {node: ^6 || ^7 || ^8 || ^9 || ^10 || ^11 || ^12 || >=13.7}
    hasBin: true
    dependencies:
      caniuse-lite: 1.0.30001451
      electron-to-chromium: 1.4.289
      node-releases: 2.0.10
      update-browserslist-db: 1.0.10_browserslist@4.21.5
    dev: true

  /buffer-from/1.1.2:
    resolution: {integrity: sha1-KxRqb9cugLT1XSVfNe1Zo6mkG9U=}
    dev: true

  /cac/6.7.14:
    resolution: {integrity: sha1-gE4eb1Bu42PLDjzLsJytXdmHCVk=}
    engines: {node: '>=8'}
    dev: true

  /caniuse-lite/1.0.30001451:
    resolution: {integrity: sha1-Lhl8aY/BNz1j4UBtZgfqRhfGE/E=}
    dev: true

  /chai/4.3.7:
    resolution: {integrity: sha1-7GP23wGCkIjov1X8qDm81GSo7FE=}
    engines: {node: '>=4'}
    dependencies:
      assertion-error: 1.1.0
      check-error: 1.0.2
      deep-eql: 4.1.3
      get-func-name: 2.0.0
      loupe: 2.3.6
      pathval: 1.1.1
      type-detect: 4.0.8
    dev: true

  /chalk/2.4.2:
    resolution: {integrity: sha1-zUJUFnelQzPPVBpJEIwUMrRMlCQ=}
    engines: {node: '>=4'}
    dependencies:
      ansi-styles: 3.2.1
      escape-string-regexp: 1.0.5
      supports-color: 5.5.0
    dev: true

  /check-error/1.0.2:
    resolution: {integrity: sha1-V00xLt2Iu13YkS6Sht1sCu1KrII=}
    dev: true

  /classnames/2.3.2:
    resolution: {integrity: sha1-NR2BO/ATf8xqdqFriCCNJWCg2SQ=}

  /cli-truncate/3.1.0:
    resolution: {integrity: sha1-PyOrElNePXPoObtD5zyd5IfbE4k=}
    engines: {node: ^12.20.0 || ^14.13.1 || >=16.0.0}
    dependencies:
      slice-ansi: 5.0.0
      string-width: 5.1.2
    dev: true

  /color-convert/1.9.3:
    resolution: {integrity: sha1-u3GFBpDh8TZWfeYp0tVHHe2kweg=}
    dependencies:
      color-name: 1.1.3
    dev: true

  /color-name/1.1.3:
    resolution: {integrity: sha1-p9BVi9icQveV3UIyj3QIMcpTvCU=}
    dev: true

  /convert-source-map/1.9.0:
    resolution: {integrity: sha1-f6rmI1P7QhM2bQypg1jSLoNosF8=}
    dev: true

  /csstype/3.1.1:
    resolution: {integrity: sha1-hBtTLEXHWO5UahHVvXt7RzyMMLk=}
    dev: true

  /debug/4.3.4:
    resolution: {integrity: sha1-Exn2V5NX8jONMzfSzdSRS7XcyGU=}
    engines: {node: '>=6.0'}
    peerDependencies:
      supports-color: '*'
    peerDependenciesMeta:
      supports-color:
        optional: true
    dependencies:
      ms: 2.1.2
    dev: true

  /deep-eql/4.1.3:
    resolution: {integrity: sha1-fHd1UTCS99+Y2N+Zlt0IXrZozG0=}
    engines: {node: '>=6'}
    dependencies:
      type-detect: 4.0.8
    dev: true

  /diff/5.1.0:
    resolution: {integrity: sha1-vFLSmMXqjfkZSAAiREXtQ//IfkA=}
    engines: {node: '>=0.3.1'}
    dev: true

  /eastasianwidth/0.2.0:
    resolution: {integrity: sha1-aWzi7Aqg5uqTo5f/zySqeEDIJ8s=}
    dev: true

  /electron-to-chromium/1.4.289:
    resolution: {integrity: sha1-ArWbEJZIb8C9SHGgSE2DF4AsZlg=}
    dev: true

  /emoji-regex/9.2.2:
    resolution: {integrity: sha1-hAyIA7DYBH9P8M+WMXazLU7z7XI=}
    dev: true

  /esbuild/0.16.17:
    resolution: {integrity: sha1-/Cw5FMV+51BjX+5xuJ9hXyUGUlk=}
    engines: {node: '>=12'}
    hasBin: true
    requiresBuild: true
    optionalDependencies:
      '@esbuild/android-arm': 0.16.17
      '@esbuild/android-arm64': 0.16.17
      '@esbuild/android-x64': 0.16.17
      '@esbuild/darwin-arm64': 0.16.17
      '@esbuild/darwin-x64': 0.16.17
      '@esbuild/freebsd-arm64': 0.16.17
      '@esbuild/freebsd-x64': 0.16.17
      '@esbuild/linux-arm': 0.16.17
      '@esbuild/linux-arm64': 0.16.17
      '@esbuild/linux-ia32': 0.16.17
      '@esbuild/linux-loong64': 0.16.17
      '@esbuild/linux-mips64el': 0.16.17
      '@esbuild/linux-ppc64': 0.16.17
      '@esbuild/linux-riscv64': 0.16.17
      '@esbuild/linux-s390x': 0.16.17
      '@esbuild/linux-x64': 0.16.17
      '@esbuild/netbsd-x64': 0.16.17
      '@esbuild/openbsd-x64': 0.16.17
      '@esbuild/sunos-x64': 0.16.17
      '@esbuild/win32-arm64': 0.16.17
      '@esbuild/win32-ia32': 0.16.17
      '@esbuild/win32-x64': 0.16.17
    dev: true

  /escalade/3.1.1:
    resolution: {integrity: sha1-2M/ccACWXFoBdLSoLqpcBVJ0LkA=}
    engines: {node: '>=6'}
    dev: true

  /escape-string-regexp/1.0.5:
    resolution: {integrity: sha1-G2HAViGQqN/2rjuyzwIAyhMLhtQ=}
    engines: {node: '>=0.8.0'}
    dev: true

  /fsevents/2.3.2:
    resolution: {integrity: sha1-ilJveLj99GI7cJ4Ll1xSwkwC/Ro=}
    engines: {node: ^8.16.0 || ^10.6.0 || >=11.0.0}
    os: [darwin]
    requiresBuild: true
    dev: true
    optional: true

  /function-bind/1.1.1:
    resolution: {integrity: sha1-pWiZ0+o8m6uHS7l3O3xe3pL0iV0=}
    dev: true

  /gensync/1.0.0-beta.2:
    resolution: {integrity: sha1-MqbudsPX9S1GsrGuXZP+qFgKJeA=}
    engines: {node: '>=6.9.0'}
    dev: true

  /get-func-name/2.0.0:
    resolution: {integrity: sha1-6td0q+5y4gQJQzoGY2YCPdaIekE=}
    dev: true

  /globals/11.12.0:
    resolution: {integrity: sha1-q4eVM4hooLq9hSV1gBjCp+uVxC4=}
    engines: {node: '>=4'}
    dev: true

  /has-flag/3.0.0:
    resolution: {integrity: sha1-tdRU3CGZriJWmfNGfloH87lVuv0=}
    engines: {node: '>=4'}
    dev: true

  /has/1.0.3:
    resolution: {integrity: sha1-ci18v8H2qoJB8W3YFOAR4fQeh5Y=}
    engines: {node: '>= 0.4.0'}
    dependencies:
      function-bind: 1.1.1
    dev: true

  /is-core-module/2.11.0:
    resolution: {integrity: sha1-rUyz44Y+gUUjyW8/WNJsxXD/AUQ=}
    dependencies:
      has: 1.0.3
    dev: true

  /is-fullwidth-code-point/4.0.0:
    resolution: {integrity: sha1-+uMWfHKedGP4RhzlErCApJJoqog=}
    engines: {node: '>=12'}
    dev: true

  /js-tokens/4.0.0:
    resolution: {integrity: sha1-GSA/tZmR35jjoocFDUZHzerzJJk=}

  /jsesc/2.5.2:
    resolution: {integrity: sha1-gFZNLkg9rPbo7yCWUKZ98/DCg6Q=}
    engines: {node: '>=4'}
    hasBin: true
    dev: true

  /json5/2.2.3:
    resolution: {integrity: sha1-eM1vGhm9wStz21rQxh79ZsHikoM=}
    engines: {node: '>=6'}
    hasBin: true
    dev: true

  /jsonc-parser/3.2.0:
    resolution: {integrity: sha1-Mf8/TCuXk/icZyEmJ8UcY5T4jnY=}
    dev: true

  /local-pkg/0.4.3:
    resolution: {integrity: sha1-D/Nhqzrn8cGRE9m7l7mLkF28SWM=}
    engines: {node: '>=14'}
    dev: true

  /loose-envify/1.4.0:
    resolution: {integrity: sha1-ce5R+nvkyuwaY4OffmgtgTLTDK8=}
    hasBin: true
    dependencies:
      js-tokens: 4.0.0
    dev: false

  /loupe/2.3.6:
    resolution: {integrity: sha1-duSvSYEDxTLR7Mm+ECA2oh94e1M=}
    dependencies:
      get-func-name: 2.0.0
    dev: true

  /lru-cache/5.1.1:
    resolution: {integrity: sha1-HaJ+ZxAnGUdpXa9oSOhH8B2EuSA=}
    dependencies:
      yallist: 3.1.1
    dev: true

  /magic-string/0.27.0:
    resolution: {integrity: sha1-5KNBO0urbZjSvs/9SLSiV+/9u/M=}
    engines: {node: '>=12'}
    dependencies:
      '@jridgewell/sourcemap-codec': 1.4.14
    dev: true

  /mlly/1.1.0:
    resolution: {integrity: sha1-niPF5nXvexDMR+5igXlcsaeqOqI=}
    dependencies:
      acorn: 8.8.2
      pathe: 1.1.0
      pkg-types: 1.0.1
      ufo: 1.0.1
    dev: true

  /ms/2.1.2:
    resolution: {integrity: sha1-0J0fNXtEP0kzgqjrPM0YOHKuYAk=}
    dev: true

  /nanoid/3.3.4:
    resolution: {integrity: sha1-cwtn480J4t6s8DwCfIHJ2dvF6Ks=}
    engines: {node: ^10 || ^12 || ^13.7 || ^14 || >=15.0.1}
    hasBin: true
    dev: true

  /node-releases/2.0.10:
    resolution: {integrity: sha1-wxHrrjtqFIyJsYE/18TTwCTvU38=}
    dev: true

  /p-limit/4.0.0:
    resolution: {integrity: sha1-kUr2VE7TK/pUZwsGHK/L0EmEtkQ=}
    engines: {node: ^12.20.0 || ^14.13.1 || >=16.0.0}
    dependencies:
      yocto-queue: 1.0.0
    dev: true

  /path-parse/1.0.7:
    resolution: {integrity: sha1-+8EUtgykKzDZ2vWFjkvWi77bZzU=}
    dev: true

  /pathe/1.1.0:
    resolution: {integrity: sha1-4uE/bGKzGjKJr0uhmIbCMPKV7AM=}
    dev: true

  /pathval/1.1.1:
    resolution: {integrity: sha1-hTTnenfOesWiUS6iHg/bj89sPY0=}
    dev: true

  /picocolors/1.0.0:
    resolution: {integrity: sha1-y1vcdP8/UYkiNur3nWi8RFZKuBw=}
    dev: true

  /pkg-types/1.0.1:
    resolution: {integrity: sha1-JSNEB/ncY0Ca9FztlAdiX/RGp2E=}
    dependencies:
      jsonc-parser: 3.2.0
      mlly: 1.1.0
      pathe: 1.1.0
    dev: true

  /postcss/8.4.21:
    resolution: {integrity: sha1-xjm3GaV+/DGHsToddlZ1SF9BNPQ=}
    engines: {node: ^10 || ^12 || >=14}
    dependencies:
      nanoid: 3.3.4
      picocolors: 1.0.0
      source-map-js: 1.0.2
    dev: true

  /pretty-format/27.5.1:
    resolution: {integrity: sha1-IYGHn96lGnpYUfs52SD6pj8B2I4=}
    engines: {node: ^10.13.0 || ^12.13.0 || ^14.15.0 || >=15.0.0}
    dependencies:
      ansi-regex: 5.0.1
      ansi-styles: 5.2.0
      react-is: 17.0.2
    dev: true

  /react-dom/18.2.0_react@18.2.0:
    resolution: {integrity: sha1-IqrzhwjbJnTtmtoiTKSqcI2CHj0=}
    peerDependencies:
      react: ^18.2.0
    dependencies:
      loose-envify: 1.4.0
      react: 18.2.0
      scheduler: 0.23.0
    dev: false

  /react-is/17.0.2:
    resolution: {integrity: sha1-5pHUqOnHiTZWVVOas3J2Kw77VPA=}
    dev: true

  /react-refresh/0.14.0:
    resolution: {integrity: sha1-TgKCU3il8icHlVTUKEiJNU5fVT4=}
    engines: {node: '>=0.10.0'}
    dev: true

  /react/18.2.0:
    resolution: {integrity: sha1-VVvZhZKIMlX6AN4U8RUakXtdd9U=}
    engines: {node: '>=0.10.0'}
    dependencies:
      loose-envify: 1.4.0
    dev: false

  /resolve/1.22.1:
    resolution: {integrity: sha1-J8suu1P5GrtJRwqSi7p1WAZqwXc=}
    hasBin: true
    dependencies:
      is-core-module: 2.11.0
      path-parse: 1.0.7
      supports-preserve-symlinks-flag: 1.0.0
    dev: true

  /rollup/3.14.0:
    resolution: {integrity: sha1-9ZJSVfO26N4dujkW12GcfaVwjZU=}
    engines: {node: '>=14.18.0', npm: '>=8.0.0'}
    hasBin: true
    optionalDependencies:
      fsevents: 2.3.2
    dev: true

  /scheduler/0.23.0:
    resolution: {integrity: sha1-uoBBr8PTDrIGpIe2s4QALk5h/f4=}
    dependencies:
      loose-envify: 1.4.0
    dev: false

  /semver/6.3.0:
    resolution: {integrity: sha1-7gpkyK9ejO6mdoexM3YeG+y9HT0=}
    hasBin: true
    dev: true

  /siginfo/2.0.0:
    resolution: {integrity: sha1-MudscLeXJOO7Vny51UPrhYzPrzA=}
    dev: true

  /slice-ansi/5.0.0:
    resolution: {integrity: sha1-tzBjxXqpb5zYgWVLFSlNldKFxCo=}
    engines: {node: '>=12'}
    dependencies:
      ansi-styles: 6.2.1
      is-fullwidth-code-point: 4.0.0
    dev: true

  /source-map-js/1.0.2:
    resolution: {integrity: sha1-rbw2HZxi3zgBJefxYfccgm8eSQw=}
    engines: {node: '>=0.10.0'}
    dev: true

  /source-map-support/0.5.21:
    resolution: {integrity: sha1-BP58f54e0tZiIzwoyys1ufY/bk8=}
    dependencies:
      buffer-from: 1.1.2
      source-map: 0.6.1
    dev: true

  /source-map/0.6.1:
    resolution: {integrity: sha1-dHIq8y6WFOnCh6jQu95IteLxomM=}
    engines: {node: '>=0.10.0'}
    dev: true

  /stackback/0.0.2:
    resolution: {integrity: sha1-Gsig2Ug4SNFpXkGLbQMaPDzmjjs=}
    dev: true

  /std-env/3.3.2:
    resolution: {integrity: sha1-ryc0OwAWFgFVNCkheDJ7ICue6VU=}
    dev: true

  /string-width/5.1.2:
    resolution: {integrity: sha1-FPja7G2B5yIdKjV+Zoyrc728p5Q=}
    engines: {node: '>=12'}
    dependencies:
      eastasianwidth: 0.2.0
      emoji-regex: 9.2.2
      strip-ansi: 7.0.1
    dev: true

  /strip-ansi/7.0.1:
    resolution: {integrity: sha1-YXQKCM42th5Q5lZT8HBg0ACXX7I=}
    engines: {node: '>=12'}
    dependencies:
      ansi-regex: 6.0.1
    dev: true

  /strip-literal/1.0.1:
    resolution: {integrity: sha1-ARWjMnEMhJtORkl4kfuNWF5AS9I=}
    dependencies:
      acorn: 8.8.2
    dev: true

  /supports-color/5.5.0:
    resolution: {integrity: sha1-4uaaRKyHcveKHsCzW2id9lMO/I8=}
    engines: {node: '>=4'}
    dependencies:
      has-flag: 3.0.0
    dev: true

  /supports-preserve-symlinks-flag/1.0.0:
    resolution: {integrity: sha1-btpL00SjyUrqN21MwxvHcxEDngk=}
    engines: {node: '>= 0.4'}
    dev: true

  /tinybench/2.3.1:
    resolution: {integrity: sha1-FPZOa3fX7wsfarhQx6gIxnYLQU0=}
    dev: true

  /tinypool/0.3.1:
    resolution: {integrity: sha1-qZwuRGq6m+BdPhy3Vtau169HI7Y=}
    engines: {node: '>=14.0.0'}
    dev: true

  /tinyspy/1.1.1:
    resolution: {integrity: sha1-DLkdUVeJKvOMstIX9cfoUHpb8JI=}
    engines: {node: '>=14.0.0'}
    dev: true

  /to-fast-properties/2.0.0:
    resolution: {integrity: sha1-3F5pjL0HkmW8c+A3doGk5Og/YW4=}
    engines: {node: '>=4'}
    dev: true

  /type-detect/4.0.8:
    resolution: {integrity: sha1-dkb7XxiHHPu3dJ5pvTmmOI63RQw=}
    engines: {node: '>=4'}
    dev: true

  /typescript/4.9.5:
    resolution: {integrity: sha1-CVl5+bzA0J2jJNWNA86Pg3TL5lo=}
    engines: {node: '>=4.2.0'}
    hasBin: true
    dev: true

  /ufo/1.0.1:
    resolution: {integrity: sha1-ZO1DtTBwa9ouSJL5EfVoz0z2fSk=}
    dev: true

  /update-browserslist-db/1.0.10_browserslist@4.21.5:
    resolution: {integrity: sha1-D1S4dlRXJvF9AM2aJWHm2t6UP/M=}
    hasBin: true
    peerDependencies:
      browserslist: '>= 4.21.0'
    dependencies:
      browserslist: 4.21.5
      escalade: 3.1.1
      picocolors: 1.0.0
    dev: true

  /vite-node/0.28.4_@types+node@18.13.0:
    resolution: {integrity: sha1-znCc3iIA2GoqRUV/7WX0UyNLAmE=}
    engines: {node: '>=v14.16.0'}
    hasBin: true
    dependencies:
      cac: 6.7.14
      debug: 4.3.4
      mlly: 1.1.0
      pathe: 1.1.0
      picocolors: 1.0.0
      source-map: 0.6.1
      source-map-support: 0.5.21
      vite: 4.1.1_@types+node@18.13.0
    transitivePeerDependencies:
      - '@types/node'
      - less
      - sass
      - stylus
      - sugarss
      - supports-color
      - terser
    dev: true

  /vite/4.1.1:
    resolution: {integrity: sha1-Oxi4Gk6Fzj31y9v0xofZPr9ALms=}
    engines: {node: ^14.18.0 || >=16.0.0}
    hasBin: true
    peerDependencies:
      '@types/node': '>= 14'
      less: '*'
      sass: '*'
      stylus: '*'
      sugarss: '*'
      terser: ^5.4.0
    peerDependenciesMeta:
      '@types/node':
        optional: true
      less:
        optional: true
      sass:
        optional: true
      stylus:
        optional: true
      sugarss:
        optional: true
      terser:
        optional: true
    dependencies:
      esbuild: 0.16.17
      postcss: 8.4.21
      resolve: 1.22.1
      rollup: 3.14.0
    optionalDependencies:
      fsevents: 2.3.2
    dev: true

  /vite/4.1.1_@types+node@18.13.0:
    resolution: {integrity: sha1-Oxi4Gk6Fzj31y9v0xofZPr9ALms=}
    engines: {node: ^14.18.0 || >=16.0.0}
    hasBin: true
    peerDependencies:
      '@types/node': '>= 14'
      less: '*'
      sass: '*'
      stylus: '*'
      sugarss: '*'
      terser: ^5.4.0
    peerDependenciesMeta:
      '@types/node':
        optional: true
      less:
        optional: true
      sass:
        optional: true
      stylus:
        optional: true
      sugarss:
        optional: true
      terser:
        optional: true
    dependencies:
      '@types/node': 18.13.0
      esbuild: 0.16.17
      postcss: 8.4.21
      resolve: 1.22.1
      rollup: 3.14.0
    optionalDependencies:
      fsevents: 2.3.2
    dev: true

  /vitest/0.28.4:
    resolution: {integrity: sha1-1BET1uJQYgzv2DypZzh6WESnveI=}
    engines: {node: '>=v14.16.0'}
    hasBin: true
    peerDependencies:
      '@edge-runtime/vm': '*'
      '@vitest/browser': '*'
      '@vitest/ui': '*'
      happy-dom: '*'
      jsdom: '*'
    peerDependenciesMeta:
      '@edge-runtime/vm':
        optional: true
      '@vitest/browser':
        optional: true
      '@vitest/ui':
        optional: true
      happy-dom:
        optional: true
      jsdom:
        optional: true
    dependencies:
      '@types/chai': 4.3.4
      '@types/chai-subset': 1.3.3
      '@types/node': 18.13.0
      '@vitest/expect': 0.28.4
      '@vitest/runner': 0.28.4
      '@vitest/spy': 0.28.4
      '@vitest/utils': 0.28.4
      acorn: 8.8.2
      acorn-walk: 8.2.0
      cac: 6.7.14
      chai: 4.3.7
      debug: 4.3.4
      local-pkg: 0.4.3
      pathe: 1.1.0
      picocolors: 1.0.0
      source-map: 0.6.1
      std-env: 3.3.2
      strip-literal: 1.0.1
      tinybench: 2.3.1
      tinypool: 0.3.1
      tinyspy: 1.1.1
      vite: 4.1.1_@types+node@18.13.0
      vite-node: 0.28.4_@types+node@18.13.0
      why-is-node-running: 2.2.2
    transitivePeerDependencies:
      - less
      - sass
      - stylus
      - sugarss
      - supports-color
      - terser
    dev: true

  /why-is-node-running/2.2.2:
    resolution: {integrity: sha1-QYWytGmRF4GecVRZQnHn40TJlz4=}
    engines: {node: '>=8'}
    hasBin: true
    dependencies:
      siginfo: 2.0.0
      stackback: 0.0.2
    dev: true

  /yallist/3.1.1:
    resolution: {integrity: sha1-27fa+b/YusmrRev2ArjLrQ1dCP0=}
    dev: true

  /yocto-queue/1.0.0:
    resolution: {integrity: sha1-f4FkM/ssvFEeyL99Jjw7WKGjwlE=}
    engines: {node: '>=12.20'}
    dev: true
